
Microsoft Visual Studio Solution File, Format Version 12.00
# Visual Studio 15
VisualStudioVersion = 15.0.27703.2047
MinimumVisualStudioVersion = 10.0.40219.1
Project("{FAE04EC0-301F-11D3-BF4B-00C04F79EFBC}") = "LearningHub", "LearningHub\LearningHub.csproj", "{F022C34E-B2C7-4B39-9370-73A52CD5D849}"
EndProject
Global
	GlobalSection(SolutionConfigurationPlatforms) = preSolution
		Debug|Any CPU = Debug|Any CPU
		Release|Any CPU = Release|Any CPU
	EndGlobalSection
	GlobalSection(ProjectConfigurationPlatforms) = postSolution
		{F022C34E-B2C7-4B39-9370-73A52CD5D849}.Debug|Any CPU.ActiveCfg = Debug|Any CPU
		{F022C34E-B2C7-4B39-9370-73A52CD5D849}.Debug|Any CPU.Build.0 = Debug|Any CPU
		{F022C34E-B2C7-4B39-9370-73A52CD5D849}.Release|Any CPU.ActiveCfg = Release|Any CPU
		{F022C34E-B2C7-4B39-9370-73A52CD5D849}.Release|Any CPU.Build.0 = Release|Any CPU
	EndGlobalSection
	GlobalSection(SolutionProperties) = preSolution
		HideSolutionNode = FALSE
	EndGlobalSection
	GlobalSection(ExtensibilityGlobals) = postSolution
		SolutionGuid = {B04CE10C-CCF1-4894-8AE2-50EA368DAE29}
	EndGlobalSection
EndGlobal
