
Microsoft Visual Studio Solution File, Format Version 12.00
# Visual Studio 15
VisualStudioVersion = 15.0.27703.2047
MinimumVisualStudioVersion = 10.0.40219.1
Project("{FAE04EC0-301F-11D3-BF4B-00C04F79EFBC}") = "ResourcesManagement", "ResourcesManagement\ResourcesManagement.csproj", "{7CC56BE2-863F-46FD-A428-180E80B91E77}"
EndProject
Global
	GlobalSection(SolutionConfigurationPlatforms) = preSolution
		Debug|Any CPU = Debug|Any CPU
		Release|Any CPU = Release|Any CPU
	EndGlobalSection
	GlobalSection(ProjectConfigurationPlatforms) = postSolution
		{7CC56BE2-863F-46FD-A428-180E80B91E77}.Debug|Any CPU.ActiveCfg = Debug|Any CPU
		{7CC56BE2-863F-46FD-A428-180E80B91E77}.Debug|Any CPU.Build.0 = Debug|Any CPU
		{7CC56BE2-863F-46FD-A428-180E80B91E77}.Release|Any CPU.ActiveCfg = Release|Any CPU
		{7CC56BE2-863F-46FD-A428-180E80B91E77}.Release|Any CPU.Build.0 = Release|Any CPU
	EndGlobalSection
	GlobalSection(SolutionProperties) = preSolution
		HideSolutionNode = FALSE
	EndGlobalSection
	GlobalSection(ExtensibilityGlobals) = postSolution
		SolutionGuid = {266A019A-EE93-4974-881D-EC1477383019}
	EndGlobalSection
EndGlobal
